
Microsoft Visual Studio Solution File, Format Version 12.00
# Visual Studio Version 16
VisualStudioVersion = 16.0.28922.388
MinimumVisualStudioVersion = 10.0.40219.1
Project("{FAE04EC0-301F-11D3-BF4B-00C04F79EFBC}") = "FreeDiskSpace Monitoring Tool", "FreeDiskSpace Monitoring Tool\FreeDiskSpace Monitoring Tool.csproj", "{502831DD-9C06-4EF8-B6C2-D5ADDB592D19}"
EndProject
Global
	GlobalSection(SolutionConfigurationPlatforms) = preSolution
		Debug|Any CPU = Debug|Any CPU
		Release|Any CPU = Release|Any CPU
	EndGlobalSection
	GlobalSection(ProjectConfigurationPlatforms) = postSolution
		{502831DD-9C06-4EF8-B6C2-D5ADDB592D19}.Debug|Any CPU.ActiveCfg = Debug|Any CPU
		{502831DD-9C06-4EF8-B6C2-D5ADDB592D19}.Debug|Any CPU.Build.0 = Debug|Any CPU
		{502831DD-9C06-4EF8-B6C2-D5ADDB592D19}.Release|Any CPU.ActiveCfg = Release|Any CPU
		{502831DD-9C06-4EF8-B6C2-D5ADDB592D19}.Release|Any CPU.Build.0 = Release|Any CPU
	EndGlobalSection
	GlobalSection(SolutionProperties) = preSolution
		HideSolutionNode = FALSE
	EndGlobalSection
	GlobalSection(ExtensibilityGlobals) = postSolution
		SolutionGuid = {7EDE2A26-9B47-4018-AC7E-DA97FA3B63FF}
	EndGlobalSection
EndGlobal
